
Microsoft Visual Studio Solution File, Format Version 12.00
# Visual Studio Version 16
VisualStudioVersion = 16.0.30406.217
MinimumVisualStudioVersion = 10.0.40219.1
Project("{FAE04EC0-301F-11D3-BF4B-00C04F79EFBC}") = "KashkeshtWorkerServiceServer", "KashkeshtWorkerServiceServer\KashkeshtWorkerServiceServer.csproj", "{99CE4305-9D52-4128-B2E1-D38C46E25806}"
EndProject
Global
	GlobalSection(SolutionConfigurationPlatforms) = preSolution
		Debug|Any CPU = Debug|Any CPU
		Release|Any CPU = Release|Any CPU
	EndGlobalSection
	GlobalSection(ProjectConfigurationPlatforms) = postSolution
		{99CE4305-9D52-4128-B2E1-D38C46E25806}.Debug|Any CPU.ActiveCfg = Debug|Any CPU
		{99CE4305-9D52-4128-B2E1-D38C46E25806}.Debug|Any CPU.Build.0 = Debug|Any CPU
		{99CE4305-9D52-4128-B2E1-D38C46E25806}.Release|Any CPU.ActiveCfg = Release|Any CPU
		{99CE4305-9D52-4128-B2E1-D38C46E25806}.Release|Any CPU.Build.0 = Release|Any CPU
	EndGlobalSection
	GlobalSection(SolutionProperties) = preSolution
		HideSolutionNode = FALSE
	EndGlobalSection
	GlobalSection(ExtensibilityGlobals) = postSolution
		SolutionGuid = {228626B7-6667-4DE4-A945-ADC1E93049C9}
	EndGlobalSection
EndGlobal
